
Microsoft Visual Studio Solution File, Format Version 12.00
# Visual Studio 15
VisualStudioVersion = 15.0.28010.2050
MinimumVisualStudioVersion = 10.0.40219.1
Project("{FAE04EC0-301F-11D3-BF4B-00C04F79EFBC}") = "EAPWeb", "EAPWeb\EAPWeb.csproj", "{87471984-EF89-4522-80E1-D0725D39584E}"
EndProject
Global
	GlobalSection(SolutionConfigurationPlatforms) = preSolution
		Debug|Any CPU = Debug|Any CPU
		Release|Any CPU = Release|Any CPU
	EndGlobalSection
	GlobalSection(ProjectConfigurationPlatforms) = postSolution
		{87471984-EF89-4522-80E1-D0725D39584E}.Debug|Any CPU.ActiveCfg = Debug|Any CPU
		{87471984-EF89-4522-80E1-D0725D39584E}.Debug|Any CPU.Build.0 = Debug|Any CPU
		{87471984-EF89-4522-80E1-D0725D39584E}.Release|Any CPU.ActiveCfg = Release|Any CPU
		{87471984-EF89-4522-80E1-D0725D39584E}.Release|Any CPU.Build.0 = Release|Any CPU
	EndGlobalSection
	GlobalSection(SolutionProperties) = preSolution
		HideSolutionNode = FALSE
	EndGlobalSection
	GlobalSection(ExtensibilityGlobals) = postSolution
		SolutionGuid = {58CD8B03-128F-4F9F-8CE0-79EF35E8AB0E}
	EndGlobalSection
EndGlobal
